// !$*UTF8*$!
{
	archiveVersion = 1;
	classes = {
	};
	objectVersion = 46;
	objects = {

/* Begin PBXBuildFile section */
		E780159D1E1E4A4D000AAD38 /* main.m in Sources */ = {isa = PBXBuildFile; fileRef = E780159C1E1E4A4D000AAD38 /* main.m */; };
		E78015A01E1E4A4D000AAD38 /* AppDelegate.m in Sources */ = {isa = PBXBuildFile; fileRef = E780159F1E1E4A4D000AAD38 /* AppDelegate.m */; };
		E78015A31E1E4A4D000AAD38 /* ViewController.m in Sources */ = {isa = PBXBuildFile; fileRef = E78015A21E1E4A4D000AAD38 /* ViewController.m */; };
		E78015A61E1E4A4D000AAD38 /* Main.storyboard in Resources */ = {isa = PBXBuildFile; fileRef = E78015A41E1E4A4D000AAD38 /* Main.storyboard */; };
		E78015A81E1E4A4D000AAD38 /* Assets.xcassets in Resources */ = {isa = PBXBuildFile; fileRef = E78015A71E1E4A4D000AAD38 /* Assets.xcassets */; };
		E78015AB1E1E4A4D000AAD38 /* LaunchScreen.storyboard in Resources */ = {isa = PBXBuildFile; fileRef = E78015A91E1E4A4D000AAD38 /* LaunchScreen.storyboard */; };
		E78015B51E1E4B6F000AAD38 /* NetworkTagsCollectionViewCell.m in Sources */ = {isa = PBXBuildFile; fileRef = E78015B31E1E4B6F000AAD38 /* NetworkTagsCollectionViewCell.m */; };
		E78015B91E1E4B99000AAD38 /* TracerouteTagsDataSources.m in Sources */ = {isa = PBXBuildFile; fileRef = E78015B71E1E4B99000AAD38 /* TracerouteTagsDataSources.m */; };
		E78015BD1E1E4BC7000AAD38 /* SimplePing.m in Sources */ = {isa = PBXBuildFile; fileRef = E78015BB1E1E4BC7000AAD38 /* SimplePing.m */; };
		E78015C11E1E67FB000AAD38 /* README.md in Sources */ = {isa = PBXBuildFile; fileRef = E78015C01E1E67FA000AAD38 /* README.md */; };
/* End PBXBuildFile section */

/* Begin PBXFileReference section */
		E78015981E1E4A4D000AAD38 /* Traceroute.app */ = {isa = PBXFileReference; explicitFileType = wrapper.application; includeInIndex = 0; path = Traceroute.app; sourceTree = BUILT_PRODUCTS_DIR; };
		E780159C1E1E4A4D000AAD38 /* main.m */ = {isa = PBXFileReference; lastKnownFileType = sourcecode.c.objc; path = main.m; sourceTree = "<group>"; };
		E780159E1E1E4A4D000AAD38 /* AppDelegate.h */ = {isa = PBXFileReference; lastKnownFileType = sourcecode.c.h; path = AppDelegate.h; sourceTree = "<group>"; };
		E780159F1E1E4A4D000AAD38 /* AppDelegate.m */ = {isa = PBXFileReference; lastKnownFileType = sourcecode.c.objc; path = AppDelegate.m; sourceTree = "<group>"; };
		E78015A11E1E4A4D000AAD38 /* ViewController.h */ = {isa = PBXFileReference; lastKnownFileType = sourcecode.c.h; path = ViewController.h; sourceTree = "<group>"; };
		E78015A21E1E4A4D000AAD38 /* ViewController.m */ = {isa = PBXFileReference; lastKnownFileType = sourcecode.c.objc; path = ViewController.m; sourceTree = "<group>"; };
		E78015A51E1E4A4D000AAD38 /* Base */ = {isa = PBXFileReference; lastKnownFileType = file.storyboard; name = Base; path = Base.lproj/Main.storyboard; sourceTree = "<group>"; };
		E78015A71E1E4A4D000AAD38 /* Assets.xcassets */ = {isa = PBXFileReference; lastKnownFileType = folder.assetcatalog; path = Assets.xcassets; sourceTree = "<group>"; };
		E78015AA1E1E4A4D000AAD38 /* Base */ = {isa = PBXFileReference; lastKnownFileType = file.storyboard; name = Base; path = Base.lproj/LaunchScreen.storyboard; sourceTree = "<group>"; };
		E78015AC1E1E4A4D000AAD38 /* Info.plist */ = {isa = PBXFileReference; lastKnownFileType = text.plist.xml; path = Info.plist; sourceTree = "<group>"; };
		E78015B31E1E4B6F000AAD38 /* NetworkTagsCollectionViewCell.m */ = {isa = PBXFileReference; fileEncoding = 4; lastKnownFileType = sourcecode.c.objc; path = NetworkTagsCollectionViewCell.m; sourceTree = "<group>"; };
		E78015B41E1E4B6F000AAD38 /* NetworkTagsCollectionViewCell.h */ = {isa = PBXFileReference; fileEncoding = 4; lastKnownFileType = sourcecode.c.h; path = NetworkTagsCollectionViewCell.h; sourceTree = "<group>"; };
		E78015B71E1E4B99000AAD38 /* TracerouteTagsDataSources.m */ = {isa = PBXFileReference; fileEncoding = 4; lastKnownFileType = sourcecode.c.objc; path = TracerouteTagsDataSources.m; sourceTree = "<group>"; };
		E78015B81E1E4B99000AAD38 /* TracerouteTagsDataSources.h */ = {isa = PBXFileReference; fileEncoding = 4; lastKnownFileType = sourcecode.c.h; path = TracerouteTagsDataSources.h; sourceTree = "<group>"; };
		E78015BB1E1E4BC7000AAD38 /* SimplePing.m */ = {isa = PBXFileReference; fileEncoding = 4; lastKnownFileType = sourcecode.c.objc; path = SimplePing.m; sourceTree = "<group>"; };
		E78015BC1E1E4BC7000AAD38 /* SimplePing.h */ = {isa = PBXFileReference; fileEncoding = 4; lastKnownFileType = sourcecode.c.h; path = SimplePing.h; sourceTree = "<group>"; };
		E78015BE1E1E4D43000AAD38 /* Consts.h */ = {isa = PBXFileReference; lastKnownFileType = sourcecode.c.h; path = Consts.h; sourceTree = "<group>"; };
		E78015BF1E1E4D8E000AAD38 /* PrefixHeader.pch */ = {isa = PBXFileReference; lastKnownFileType = sourcecode.c.h; path = PrefixHeader.pch; sourceTree = "<group>"; };
		E78015C01E1E67FA000AAD38 /* README.md */ = {isa = PBXFileReference; fileEncoding = 4; lastKnownFileType = net.daringfireball.markdown; path = README.md; sourceTree = "<group>"; };
/* End PBXFileReference section */

/* Begin PBXFrameworksBuildPhase section */
		E78015951E1E4A4D000AAD38 /* Frameworks */ = {
			isa = PBXFrameworksBuildPhase;
			buildActionMask = 2147483647;
			files = (
			);
			runOnlyForDeploymentPostprocessing = 0;
		};
/* End PBXFrameworksBuildPhase section */

/* Begin PBXGroup section */
		E780158F1E1E4A4D000AAD38 = {
			isa = PBXGroup;
			children = (
				E780159A1E1E4A4D000AAD38 /* Traceroute */,
				E78015991E1E4A4D000AAD38 /* Products */,
				E78015C01E1E67FA000AAD38 /* README.md */,
			);
			sourceTree = "<group>";
		};
		E78015991E1E4A4D000AAD38 /* Products */ = {
			isa = PBXGroup;
			children = (
				E78015981E1E4A4D000AAD38 /* Traceroute.app */,
			);
			name = Products;
			sourceTree = "<group>";
		};
		E780159A1E1E4A4D000AAD38 /* Traceroute */ = {
			isa = PBXGroup;
			children = (
				E78015BA1E1E4BBD000AAD38 /* Networks */,
				E78015B61E1E4B8F000AAD38 /* Model */,
				E78015B21E1E4B67000AAD38 /* View */,
				E780159E1E1E4A4D000AAD38 /* AppDelegate.h */,
				E780159F1E1E4A4D000AAD38 /* AppDelegate.m */,
				E78015A11E1E4A4D000AAD38 /* ViewController.h */,
				E78015A21E1E4A4D000AAD38 /* ViewController.m */,
				E78015A41E1E4A4D000AAD38 /* Main.storyboard */,
				E78015A71E1E4A4D000AAD38 /* Assets.xcassets */,
				E78015A91E1E4A4D000AAD38 /* LaunchScreen.storyboard */,
				E78015AC1E1E4A4D000AAD38 /* Info.plist */,
				E780159B1E1E4A4D000AAD38 /* Supporting Files */,
				E78015BE1E1E4D43000AAD38 /* Consts.h */,
				E78015BF1E1E4D8E000AAD38 /* PrefixHeader.pch */,
			);
			path = Traceroute;
			sourceTree = "<group>";
		};
		E780159B1E1E4A4D000AAD38 /* Supporting Files */ = {
			isa = PBXGroup;
			children = (
				E780159C1E1E4A4D000AAD38 /* main.m */,
			);
			name = "Supporting Files";
			sourceTree = "<group>";
		};
		E78015B21E1E4B67000AAD38 /* View */ = {
			isa = PBXGroup;
			children = (
				E78015B31E1E4B6F000AAD38 /* NetworkTagsCollectionViewCell.m */,
				E78015B41E1E4B6F000AAD38 /* NetworkTagsCollectionViewCell.h */,
			);
			name = View;
			sourceTree = "<group>";
		};
		E78015B61E1E4B8F000AAD38 /* Model */ = {
			isa = PBXGroup;
			children = (
				E78015B71E1E4B99000AAD38 /* TracerouteTagsDataSources.m */,
				E78015B81E1E4B99000AAD38 /* TracerouteTagsDataSources.h */,
			);
			name = Model;
			sourceTree = "<group>";
		};
		E78015BA1E1E4BBD000AAD38 /* Networks */ = {
			isa = PBXGroup;
			children = (
				E78015BB1E1E4BC7000AAD38 /* SimplePing.m */,
				E78015BC1E1E4BC7000AAD38 /* SimplePing.h */,
			);
			name = Networks;
			sourceTree = "<group>";
		};
/* End PBXGroup section */

/* Begin PBXNativeTarget section */
		E78015971E1E4A4D000AAD38 /* Traceroute */ = {
			isa = PBXNativeTarget;
			buildConfigurationList = E78015AF1E1E4A4D000AAD38 /* Build configuration list for PBXNativeTarget "Traceroute" */;
			buildPhases = (
				E78015941E1E4A4D000AAD38 /* Sources */,
				E78015951E1E4A4D000AAD38 /* Frameworks */,
				E78015961E1E4A4D000AAD38 /* Resources */,
			);
			buildRules = (
			);
			dependencies = (
			);
			name = Traceroute;
			productName = Traceroute;
			productReference = E78015981E1E4A4D000AAD38 /* Traceroute.app */;
			productType = "com.apple.product-type.application";
		};
/* End PBXNativeTarget section */

/* Begin PBXProject section */
		E78015901E1E4A4D000AAD38 /* Project object */ = {
			isa = PBXProject;
			attributes = {
				LastUpgradeCheck = 0810;
				ORGANIZATIONNAME = "Bryan Yuan";
				TargetAttributes = {
					E78015971E1E4A4D000AAD38 = {
						CreatedOnToolsVersion = 8.1;
						ProvisioningStyle = Automatic;
					};
				};
			};
			buildConfigurationList = E78015931E1E4A4D000AAD38 /* Build configuration list for PBXProject "Traceroute" */;
			compatibilityVersion = "Xcode 3.2";
			developmentRegion = English;
			hasScannedForEncodings = 0;
			knownRegions = (
				en,
				Base,
			);
			mainGroup = E780158F1E1E4A4D000AAD38;
			productRefGroup = E78015991E1E4A4D000AAD38 /* Products */;
			projectDirPath = "";
			projectRoot = "";
			targets = (
				E78015971E1E4A4D000AAD38 /* Traceroute */,
			);
		};
/* End PBXProject section */

/* Begin PBXResourcesBuildPhase section */
		E78015961E1E4A4D000AAD38 /* Resources */ = {
			isa = PBXResourcesBuildPhase;
			buildActionMask = 2147483647;
			files = (
				E78015AB1E1E4A4D000AAD38 /* LaunchScreen.storyboard in Resources */,
				E78015A81E1E4A4D000AAD38 /* Assets.xcassets in Resources */,
				E78015A61E1E4A4D000AAD38 /* Main.storyboard in Resources */,
			);
			runOnlyForDeploymentPostprocessing = 0;
		};
/* End PBXResourcesBuildPhase section */

/* Begin PBXSourcesBuildPhase section */
		E78015941E1E4A4D000AAD38 /* Sources */ = {
			isa = PBXSourcesBuildPhase;
			buildActionMask = 2147483647;
			files = (
				E78015A31E1E4A4D000AAD38 /* ViewController.m in Sources */,
				E78015B51E1E4B6F000AAD38 /* NetworkTagsCollectionViewCell.m in Sources */,
				E78015BD1E1E4BC7000AAD38 /* SimplePing.m in Sources */,
				E78015C11E1E67FB000AAD38 /* README.md in Sources */,
				E78015A01E1E4A4D000AAD38 /* AppDelegate.m in Sources */,
				E780159D1E1E4A4D000AAD38 /* main.m in Sources */,
				E78015B91E1E4B99000AAD38 /* TracerouteTagsDataSources.m in Sources */,
			);
			runOnlyForDeploymentPostprocessing = 0;
		};
/* End PBXSourcesBuildPhase section */

/* Begin PBXVariantGroup section */
		E78015A41E1E4A4D000AAD38 /* Main.storyboard */ = {
			isa = PBXVariantGroup;
			children = (
				E78015A51E1E4A4D000AAD38 /* Base */,
			);
			name = Main.storyboard;
			sourceTree = "<group>";
		};
		E78015A91E1E4A4D000AAD38 /* LaunchScreen.storyboard */ = {
			isa = PBXVariantGroup;
			children = (
				E78015AA1E1E4A4D000AAD38 /* Base */,
			);
			name = LaunchScreen.storyboard;
			sourceTree = "<group>";
		};
/* End PBXVariantGroup section */

/* Begin XCBuildConfiguration section */
		E78015AD1E1E4A4D000AAD38 /* Debug */ = {
			isa = XCBuildConfiguration;
			buildSettings = {
				ALWAYS_SEARCH_USER_PATHS = NO;
				CLANG_ANALYZER_NONNULL = YES;
				CLANG_CXX_LANGUAGE_STANDARD = "gnu++0x";
				CLANG_CXX_LIBRARY = "libc++";
				CLANG_ENABLE_MODULES = YES;
				CLANG_ENABLE_OBJC_ARC = YES;
				CLANG_WARN_BOOL_CONVERSION = YES;
				CLANG_WARN_CONSTANT_CONVERSION = YES;
				CLANG_WARN_DIRECT_OBJC_ISA_USAGE = YES_ERROR;
				CLANG_WARN_DOCUMENTATION_COMMENTS = YES;
				CLANG_WARN_EMPTY_BODY = YES;
				CLANG_WARN_ENUM_CONVERSION = YES;
				CLANG_WARN_INFINITE_RECURSION = YES;
				CLANG_WARN_INT_CONVERSION = YES;
				CLANG_WARN_OBJC_ROOT_CLASS = YES_ERROR;
				CLANG_WARN_SUSPICIOUS_MOVES = YES;
				CLANG_WARN_UNREACHABLE_CODE = YES;
				CLANG_WARN__DUPLICATE_METHOD_MATCH = YES;
				"CODE_SIGN_IDENTITY[sdk=iphoneos*]" = "iPhone Developer";
				COPY_PHASE_STRIP = NO;
				DEBUG_INFORMATION_FORMAT = dwarf;
				ENABLE_STRICT_OBJC_MSGSEND = YES;
				ENABLE_TESTABILITY = YES;
				GCC_C_LANGUAGE_STANDARD = gnu99;
				GCC_DYNAMIC_NO_PIC = NO;
				GCC_NO_COMMON_BLOCKS = YES;
				GCC_OPTIMIZATION_LEVEL = 0;
				GCC_PREPROCESSOR_DEFINITIONS = (
					"DEBUG=1",
					"$(inherited)",
				);
				GCC_WARN_64_TO_32_BIT_CONVERSION = YES;
				GCC_WARN_ABOUT_RETURN_TYPE = YES_ERROR;
				GCC_WARN_UNDECLARED_SELECTOR = YES;
				GCC_WARN_UNINITIALIZED_AUTOS = YES_AGGRESSIVE;
				GCC_WARN_UNUSED_FUNCTION = YES;
				GCC_WARN_UNUSED_VARIABLE = YES;
				IPHONEOS_DEPLOYMENT_TARGET = 10.1;
				MTL_ENABLE_DEBUG_INFO = YES;
				ONLY_ACTIVE_ARCH = YES;
				SDKROOT = iphoneos;
			};
			name = Debug;
		};
		E78015AE1E1E4A4D000AAD38 /* Release */ = {
			isa = XCBuildConfiguration;
			buildSettings = {
				ALWAYS_SEARCH_USER_PATHS = NO;
				CLANG_ANALYZER_NONNULL = YES;
				CLANG_CXX_LANGUAGE_STANDARD = "gnu++0x";
				CLANG_CXX_LIBRARY = "libc++";
				CLANG_ENABLE_MODULES = YES;
				CLANG_ENABLE_OBJC_ARC = YES;
				CLANG_WARN_BOOL_CONVERSION = YES;
				CLANG_WARN_CONSTANT_CONVERSION = YES;
				CLANG_WARN_DIRECT_OBJC_ISA_USAGE = YES_ERROR;
				CLANG_WARN_DOCUMENTATION_COMMENTS = YES;
				CLANG_WARN_EMPTY_BODY = YES;
				CLANG_WARN_ENUM_CONVERSION = YES;
				CLANG_WARN_INFINITE_RECURSION = YES;
				CLANG_WARN_INT_CONVERSION = YES;
				CLANG_WARN_OBJC_ROOT_CLASS = YES_ERROR;
				CLANG_WARN_SUSPICIOUS_MOVES = YES;
				CLANG_WARN_UNREACHABLE_CODE = YES;
				CLANG_WARN__DUPLICATE_METHOD_MATCH = YES;
				"CODE_SIGN_IDENTITY[sdk=iphoneos*]" = "iPhone Developer";
				COPY_PHASE_STRIP = NO;
				DEBUG_INFORMATION_FORMAT = "dwarf-with-dsym";
				ENABLE_NS_ASSERTIONS = NO;
				ENABLE_STRICT_OBJC_MSGSEND = YES;
				GCC_C_LANGUAGE_STANDARD = gnu99;
				GCC_NO_COMMON_BLOCKS = YES;
				GCC_WARN_64_TO_32_BIT_CONVERSION = YES;
				GCC_WARN_ABOUT_RETURN_TYPE = YES_ERROR;
				GCC_WARN_UNDECLARED_SELECTOR = YES;
				GCC_WARN_UNINITIALIZED_AUTOS = YES_AGGRESSIVE;
				GCC_WARN_UNUSED_FUNCTION = YES;
				GCC_WARN_UNUSED_VARIABLE = YES;
				IPHONEOS_DEPLOYMENT_TARGET = 10.1;
				MTL_ENABLE_DEBUG_INFO = NO;
				SDKROOT = iphoneos;
				VALIDATE_PRODUCT = YES;
			};
			name = Release;
		};
		E78015B01E1E4A4D000AAD38 /* Debug */ = {
			isa = XCBuildConfiguration;
			buildSettings = {
				ASSETCATALOG_COMPILER_APPICON_NAME = AppIcon;
				GCC_PREFIX_HEADER = Traceroute/PrefixHeader.pch;
				GCC_PREPROCESSOR_DEFINITIONS_NOT_USED_IN_PRECOMPS = "";
				INFOPLIST_FILE = Traceroute/Info.plist;
				LD_RUNPATH_SEARCH_PATHS = "$(inherited) @executable_path/Frameworks";
				PRODUCT_BUNDLE_IDENTIFIER = com.bryanyuan.Traceroute;
				PRODUCT_NAME = "$(TARGET_NAME)";
			};
			name = Debug;
		};
		E78015B11E1E4A4D000AAD38 /* Release */ = {
			isa = XCBuildConfiguration;
			buildSettings = {
				ASSETCATALOG_COMPILER_APPICON_NAME = AppIcon;
				GCC_PREFIX_HEADER = Traceroute/PrefixHeader.pch;
				GCC_PREPROCESSOR_DEFINITIONS_NOT_USED_IN_PRECOMPS = "";
				INFOPLIST_FILE = Traceroute/Info.plist;
				LD_RUNPATH_SEARCH_PATHS = "$(inherited) @executable_path/Frameworks";
				PRODUCT_BUNDLE_IDENTIFIER = com.bryanyuan.Traceroute;
				PRODUCT_NAME = "$(TARGET_NAME)";
			};
			name = Release;
		};
/* End XCBuildConfiguration section */

/* Begin XCConfigurationList section */
		E78015931E1E4A4D000AAD38 /* Build configuration list for PBXProject "Traceroute" */ = {
			isa = XCConfigurationList;
			buildConfigurations = (
				E78015AD1E1E4A4D000AAD38 /* Debug */,
				E78015AE1E1E4A4D000AAD38 /* Release */,
			);
			defaultConfigurationIsVisible = 0;
			defaultConfigurationName = Release;
		};
		E78015AF1E1E4A4D000AAD38 /* Build configuration list for PBXNativeTarget "Traceroute" */ = {
			isa = XCConfigurationList;
			buildConfigurations = (
				E78015B01E1E4A4D000AAD38 /* Debug */,
				E78015B11E1E4A4D000AAD38 /* Release */,
			);
			defaultConfigurationIsVisible = 0;
			defaultConfigurationName = Release;
		};
/* End XCConfigurationList section */
	};
	rootObject = E78015901E1E4A4D000AAD38 /* Project object */;
}
